
Microsoft Visual Studio Solution File, Format Version 12.00
# Visual Studio 14
VisualStudioVersion = 14.0.24720.0
MinimumVisualStudioVersion = 10.0.40219.1
Project("{2150E333-8FDC-42A3-9474-1A3956D46DE8}") = "src", "src", "{F72373E2-355E-4D73-B30C-18F89526247C}"
	ProjectSection(SolutionItems) = preProject
		src\Amazon\ViewModels\AccountController.cs = src\Amazon\ViewModels\AccountController.cs
	EndProjectSection
EndProject
Project("{2150E333-8FDC-42A3-9474-1A3956D46DE8}") = "Solution Items", "Solution Items", "{70CDEFD6-9F5D-418C-8C2A-755C82E5BE9C}"
	ProjectSection(SolutionItems) = preProject
		global.json = global.json
	EndProjectSection
EndProject
Project("{8BB2217D-0F2D-49D1-97BC-3654ED321F3B}") = "Amazon", "src\Amazon\Amazon.xproj", "{48B1AF5D-FE83-4F2A-8081-287A34CEFC41}"
EndProject
Global
	GlobalSection(SolutionConfigurationPlatforms) = preSolution
		Debug|Any CPU = Debug|Any CPU
		Release|Any CPU = Release|Any CPU
	EndGlobalSection
	GlobalSection(ProjectConfigurationPlatforms) = postSolution
		{48B1AF5D-FE83-4F2A-8081-287A34CEFC41}.Debug|Any CPU.ActiveCfg = Debug|Any CPU
		{48B1AF5D-FE83-4F2A-8081-287A34CEFC41}.Debug|Any CPU.Build.0 = Debug|Any CPU
		{48B1AF5D-FE83-4F2A-8081-287A34CEFC41}.Release|Any CPU.ActiveCfg = Release|Any CPU
		{48B1AF5D-FE83-4F2A-8081-287A34CEFC41}.Release|Any CPU.Build.0 = Release|Any CPU
	EndGlobalSection
	GlobalSection(SolutionProperties) = preSolution
		HideSolutionNode = FALSE
	EndGlobalSection
	GlobalSection(NestedProjects) = preSolution
		{48B1AF5D-FE83-4F2A-8081-287A34CEFC41} = {F72373E2-355E-4D73-B30C-18F89526247C}
	EndGlobalSection
EndGlobal
