
Microsoft Visual Studio Solution File, Format Version 12.00
# Visual Studio 14
VisualStudioVersion = 14.0.24720.0
MinimumVisualStudioVersion = 10.0.40219.1
Project("{2150E333-8FDC-42A3-9474-1A3956D46DE8}") = "src", "src", "{81DE4416-5AE4-4837-A3DD-1A6D22C110C6}"
EndProject
Project("{8BB2217D-0F2D-49D1-97BC-3654ED321F3B}") = "Login", "src\Login\Login.xproj", "{23DA6A29-DA33-4E29-9854-DF0E7D574E44}"
EndProject
Global
	GlobalSection(SolutionConfigurationPlatforms) = preSolution
		Debug|Any CPU = Debug|Any CPU
		Release|Any CPU = Release|Any CPU
	EndGlobalSection
	GlobalSection(ProjectConfigurationPlatforms) = postSolution
		{23DA6A29-DA33-4E29-9854-DF0E7D574E44}.Debug|Any CPU.ActiveCfg = Debug|Any CPU
		{23DA6A29-DA33-4E29-9854-DF0E7D574E44}.Debug|Any CPU.Build.0 = Debug|Any CPU
		{23DA6A29-DA33-4E29-9854-DF0E7D574E44}.Release|Any CPU.ActiveCfg = Release|Any CPU
		{23DA6A29-DA33-4E29-9854-DF0E7D574E44}.Release|Any CPU.Build.0 = Release|Any CPU
	EndGlobalSection
	GlobalSection(SolutionProperties) = preSolution
		HideSolutionNode = FALSE
	EndGlobalSection
	GlobalSection(NestedProjects) = preSolution
		{23DA6A29-DA33-4E29-9854-DF0E7D574E44} = {81DE4416-5AE4-4837-A3DD-1A6D22C110C6}
	EndGlobalSection
EndGlobal
